// !$*UTF8*$!
{
	archiveVersion = 1;
	classes = {
	};
	objectVersion = 48;
	objects = {

/* Begin PBXBuildFile section */
		6B1B78EE20AA62AE00D370F6 /* Flower.jpg in Resources */ = {isa = PBXBuildFile; fileRef = 6B1B78E820AA62AD00D370F6 /* Flower.jpg */; };
		6B1B78EF20AA62AE00D370F6 /* Flower.scn in Resources */ = {isa = PBXBuildFile; fileRef = 6B1B78E920AA62AD00D370F6 /* Flower.scn */; };
		6B1B78F120AA62AE00D370F6 /* leaf.jpg in Resources */ = {isa = PBXBuildFile; fileRef = 6B1B78EB20AA62AE00D370F6 /* leaf.jpg */; };
		6B1B78F320AA62AE00D370F6 /* wood.JPG in Resources */ = {isa = PBXBuildFile; fileRef = 6B1B78ED20AA62AE00D370F6 /* wood.JPG */; };
		6B2C2F3E206FBF6D009BCBEA /* Catalogue.swift in Sources */ = {isa = PBXBuildFile; fileRef = 6B2C2F3D206FBF6D009BCBEA /* Catalogue.swift */; };
		6B3EE09520822F7700C54162 /* CatalogueViewController.swift in Sources */ = {isa = PBXBuildFile; fileRef = 6B3EE09420822F7700C54162 /* CatalogueViewController.swift */; };
		6B60EA8620AADEAB00C17366 /* leaf_refract.jpg in Resources */ = {isa = PBXBuildFile; fileRef = 6B60EA8220AADEAA00C17366 /* leaf_refract.jpg */; };
		6B60EA8920AADEAB00C17366 /* leaf.jpg in Resources */ = {isa = PBXBuildFile; fileRef = 6B60EA8520AADEAB00C17366 /* leaf.jpg */; };
		6B60EA8B20AADEB700C17366 /* Flower2.scn in Resources */ = {isa = PBXBuildFile; fileRef = 6B60EA8A20AADEB700C17366 /* Flower2.scn */; };
		6B60EA9520AB62C900C17366 /* Leather_Chair_D.tga in Resources */ = {isa = PBXBuildFile; fileRef = 6B60EA9020AB62C900C17366 /* Leather_Chair_D.tga */; };
		6B60EAA120AB632D00C17366 /* Wood_DIFF.jpg in Resources */ = {isa = PBXBuildFile; fileRef = 6B60EA9A20AB632D00C17366 /* Wood_DIFF.jpg */; };
		6B60EAA420AB632D00C17366 /* Fabric_DIFF.jpg in Resources */ = {isa = PBXBuildFile; fileRef = 6B60EA9D20AB632D00C17366 /* Fabric_DIFF.jpg */; };
		6B60EAC220AB63BF00C17366 /* eb_dresser_01_c.tga in Resources */ = {isa = PBXBuildFile; fileRef = 6B60EABC20AB63BF00C17366 /* eb_dresser_01_c.tga */; };
		6B60EAD020AB643400C17366 /* narra.jpg in Resources */ = {isa = PBXBuildFile; fileRef = 6B60EACC20AB643300C17366 /* narra.jpg */; };
		6B60EAD220AB643400C17366 /* Duck waterproof.jpg in Resources */ = {isa = PBXBuildFile; fileRef = 6B60EACE20AB643400C17366 /* Duck waterproof.jpg */; };
		6B60EADD20AB647700C17366 /* _04_d.jpg in Resources */ = {isa = PBXBuildFile; fileRef = 6B60EAD520AB647500C17366 /* _04_d.jpg */; };
		6B60EAE520AB64A100C17366 /* Cubes ottoman.scn in Resources */ = {isa = PBXBuildFile; fileRef = 6B60EAE420AB64A100C17366 /* Cubes ottoman.scn */; };
		6B60EAE820AB65A600C17366 /* dirt_gl_1.jpg in Resources */ = {isa = PBXBuildFile; fileRef = 6B60EAE720AB65A600C17366 /* dirt_gl_1.jpg */; };
		6B60EAEA20AB668000C17366 /* Flowchair.scn in Resources */ = {isa = PBXBuildFile; fileRef = 6B60EAE920AB668000C17366 /* Flowchair.scn */; };
		6B60EAEE20AB686D00C17366 /* Dresser.scn in Resources */ = {isa = PBXBuildFile; fileRef = 6B60EAED20AB686D00C17366 /* Dresser.scn */; };
		6B60EAF220AB6A5200C17366 /* Bella's barstool.scn in Resources */ = {isa = PBXBuildFile; fileRef = 6B60EAF120AB6A5200C17366 /* Bella's barstool.scn */; };
		6B60EAF420AB6AEE00C17366 /* Leather chair.scn in Resources */ = {isa = PBXBuildFile; fileRef = 6B60EAF320AB6AEE00C17366 /* Leather chair.scn */; };
		6B60EAF620AB747900C17366 /* CatalogueItemFactory.swift in Sources */ = {isa = PBXBuildFile; fileRef = 6B60EAF520AB747900C17366 /* CatalogueItemFactory.swift */; };
		6B905B5F208B81CB00F18F7B /* ContactUsViewController.swift in Sources */ = {isa = PBXBuildFile; fileRef = 6B905B5E208B81CB00F18F7B /* ContactUsViewController.swift */; };
		6B905B62208BC9DD00F18F7B /* CatalogueItem.swift in Sources */ = {isa = PBXBuildFile; fileRef = 6B905B61208BC9DD00F18F7B /* CatalogueItem.swift */; };
		6B905B78208BCAF200F18F7B /* ItemNode.swift in Sources */ = {isa = PBXBuildFile; fileRef = 6B905B63208BCA0000F18F7B /* ItemNode.swift */; };
		6B905B7A2095F14F00F18F7B /* Utils.swift in Sources */ = {isa = PBXBuildFile; fileRef = 6B905B792095F14F00F18F7B /* Utils.swift */; };
		6B9371262062BE6000CDB829 /* Scene.scn in Resources */ = {isa = PBXBuildFile; fileRef = 6B9371252062BE6000CDB829 /* Scene.scn */; };
		6B93712A2062C22D00CDB829 /* Scene.swift in Sources */ = {isa = PBXBuildFile; fileRef = 6B9371292062C22D00CDB829 /* Scene.swift */; };
		6B93712C2062C32900CDB829 /* SceneView.swift in Sources */ = {isa = PBXBuildFile; fileRef = 6B93712B2062C32900CDB829 /* SceneView.swift */; };
		6BCFE0B2208262CE00AB6267 /* ItemDetailsViewController.swift in Sources */ = {isa = PBXBuildFile; fileRef = 6BCFE0B1208262CE00AB6267 /* ItemDetailsViewController.swift */; };
		6BFB798B2054510A00AB84E8 /* AppDelegate.swift in Sources */ = {isa = PBXBuildFile; fileRef = 6BFB798A2054510A00AB84E8 /* AppDelegate.swift */; };
		6BFB79912054510A00AB84E8 /* CameraViewController.swift in Sources */ = {isa = PBXBuildFile; fileRef = 6BFB79902054510A00AB84E8 /* CameraViewController.swift */; };
		6BFB79942054510A00AB84E8 /* Main.storyboard in Resources */ = {isa = PBXBuildFile; fileRef = 6BFB79922054510A00AB84E8 /* Main.storyboard */; };
		6BFB79962054510A00AB84E8 /* Assets.xcassets in Resources */ = {isa = PBXBuildFile; fileRef = 6BFB79952054510A00AB84E8 /* Assets.xcassets */; };
		6BFB79992054510A00AB84E8 /* LaunchScreen.storyboard in Resources */ = {isa = PBXBuildFile; fileRef = 6BFB79972054510A00AB84E8 /* LaunchScreen.storyboard */; };
/* End PBXBuildFile section */

/* Begin PBXCopyFilesBuildPhase section */
		6B905B76208BCACD00F18F7B /* Embed Frameworks */ = {
			isa = PBXCopyFilesBuildPhase;
			buildActionMask = 2147483647;
			dstPath = "";
			dstSubfolderSpec = 10;
			files = (
			);
			name = "Embed Frameworks";
			runOnlyForDeploymentPostprocessing = 0;
		};
/* End PBXCopyFilesBuildPhase section */

/* Begin PBXFileReference section */
		6B1B78E820AA62AD00D370F6 /* Flower.jpg */ = {isa = PBXFileReference; lastKnownFileType = image.jpeg; path = Flower.jpg; sourceTree = "<group>"; };
		6B1B78E920AA62AD00D370F6 /* Flower.scn */ = {isa = PBXFileReference; lastKnownFileType = file.bplist; path = Flower.scn; sourceTree = "<group>"; };
		6B1B78EB20AA62AE00D370F6 /* leaf.jpg */ = {isa = PBXFileReference; lastKnownFileType = image.jpeg; path = leaf.jpg; sourceTree = "<group>"; };
		6B1B78ED20AA62AE00D370F6 /* wood.JPG */ = {isa = PBXFileReference; lastKnownFileType = image.jpeg; path = wood.JPG; sourceTree = "<group>"; };
		6B2C2F3D206FBF6D009BCBEA /* Catalogue.swift */ = {isa = PBXFileReference; lastKnownFileType = sourcecode.swift; path = Catalogue.swift; sourceTree = "<group>"; };
		6B3EE09420822F7700C54162 /* CatalogueViewController.swift */ = {isa = PBXFileReference; lastKnownFileType = sourcecode.swift; path = CatalogueViewController.swift; sourceTree = "<group>"; };
		6B60EA8220AADEAA00C17366 /* leaf_refract.jpg */ = {isa = PBXFileReference; lastKnownFileType = image.jpeg; path = leaf_refract.jpg; sourceTree = "<group>"; };
		6B60EA8520AADEAB00C17366 /* leaf.jpg */ = {isa = PBXFileReference; lastKnownFileType = image.jpeg; path = leaf.jpg; sourceTree = "<group>"; };
		6B60EA8A20AADEB700C17366 /* Flower2.scn */ = {isa = PBXFileReference; lastKnownFileType = file.bplist; path = Flower2.scn; sourceTree = "<group>"; };
		6B60EA9020AB62C900C17366 /* Leather_Chair_D.tga */ = {isa = PBXFileReference; lastKnownFileType = file; path = Leather_Chair_D.tga; sourceTree = "<group>"; };
		6B60EA9A20AB632D00C17366 /* Wood_DIFF.jpg */ = {isa = PBXFileReference; lastKnownFileType = image.jpeg; path = Wood_DIFF.jpg; sourceTree = "<group>"; };
		6B60EA9D20AB632D00C17366 /* Fabric_DIFF.jpg */ = {isa = PBXFileReference; lastKnownFileType = image.jpeg; path = Fabric_DIFF.jpg; sourceTree = "<group>"; };
		6B60EABC20AB63BF00C17366 /* eb_dresser_01_c.tga */ = {isa = PBXFileReference; lastKnownFileType = file; path = eb_dresser_01_c.tga; sourceTree = "<group>"; };
		6B60EACC20AB643300C17366 /* narra.jpg */ = {isa = PBXFileReference; lastKnownFileType = image.jpeg; path = narra.jpg; sourceTree = "<group>"; };
		6B60EACE20AB643400C17366 /* Duck waterproof.jpg */ = {isa = PBXFileReference; lastKnownFileType = image.jpeg; path = "Duck waterproof.jpg"; sourceTree = "<group>"; };
		6B60EAD520AB647500C17366 /* _04_d.jpg */ = {isa = PBXFileReference; lastKnownFileType = image.jpeg; path = _04_d.jpg; sourceTree = "<group>"; };
		6B60EAE420AB64A100C17366 /* Cubes ottoman.scn */ = {isa = PBXFileReference; lastKnownFileType = file.bplist; path = "Cubes ottoman.scn"; sourceTree = "<group>"; };
		6B60EAE720AB65A600C17366 /* dirt_gl_1.jpg */ = {isa = PBXFileReference; lastKnownFileType = image.jpeg; path = dirt_gl_1.jpg; sourceTree = "<group>"; };
		6B60EAE920AB668000C17366 /* Flowchair.scn */ = {isa = PBXFileReference; lastKnownFileType = file.bplist; path = Flowchair.scn; sourceTree = "<group>"; };
		6B60EAED20AB686D00C17366 /* Dresser.scn */ = {isa = PBXFileReference; lastKnownFileType = file.bplist; path = Dresser.scn; sourceTree = "<group>"; };
		6B60EAF120AB6A5200C17366 /* Bella's barstool.scn */ = {isa = PBXFileReference; lastKnownFileType = file.bplist; path = "Bella's barstool.scn"; sourceTree = "<group>"; };
		6B60EAF320AB6AEE00C17366 /* Leather chair.scn */ = {isa = PBXFileReference; lastKnownFileType = file.bplist; path = "Leather chair.scn"; sourceTree = "<group>"; };
		6B60EAF520AB747900C17366 /* CatalogueItemFactory.swift */ = {isa = PBXFileReference; lastKnownFileType = sourcecode.swift; path = CatalogueItemFactory.swift; sourceTree = "<group>"; };
		6B905B5E208B81CB00F18F7B /* ContactUsViewController.swift */ = {isa = PBXFileReference; lastKnownFileType = sourcecode.swift; path = ContactUsViewController.swift; sourceTree = "<group>"; };
		6B905B61208BC9DD00F18F7B /* CatalogueItem.swift */ = {isa = PBXFileReference; lastKnownFileType = sourcecode.swift; path = CatalogueItem.swift; sourceTree = "<group>"; };
		6B905B63208BCA0000F18F7B /* ItemNode.swift */ = {isa = PBXFileReference; lastKnownFileType = sourcecode.swift; path = ItemNode.swift; sourceTree = "<group>"; };
		6B905B792095F14F00F18F7B /* Utils.swift */ = {isa = PBXFileReference; lastKnownFileType = sourcecode.swift; path = Utils.swift; sourceTree = "<group>"; };
		6B9371252062BE6000CDB829 /* Scene.scn */ = {isa = PBXFileReference; lastKnownFileType = file.bplist; path = Scene.scn; sourceTree = "<group>"; };
		6B9371292062C22D00CDB829 /* Scene.swift */ = {isa = PBXFileReference; lastKnownFileType = sourcecode.swift; path = Scene.swift; sourceTree = "<group>"; };
		6B93712B2062C32900CDB829 /* SceneView.swift */ = {isa = PBXFileReference; lastKnownFileType = sourcecode.swift; path = SceneView.swift; sourceTree = "<group>"; };
		6BCFE0B1208262CE00AB6267 /* ItemDetailsViewController.swift */ = {isa = PBXFileReference; lastKnownFileType = sourcecode.swift; path = ItemDetailsViewController.swift; sourceTree = "<group>"; };
		6BFB79872054510A00AB84E8 /* FinalYearProject.app */ = {isa = PBXFileReference; explicitFileType = wrapper.application; includeInIndex = 0; path = FinalYearProject.app; sourceTree = BUILT_PRODUCTS_DIR; };
		6BFB798A2054510A00AB84E8 /* AppDelegate.swift */ = {isa = PBXFileReference; lastKnownFileType = sourcecode.swift; path = AppDelegate.swift; sourceTree = "<group>"; };
		6BFB79902054510A00AB84E8 /* CameraViewController.swift */ = {isa = PBXFileReference; lastKnownFileType = sourcecode.swift; path = CameraViewController.swift; sourceTree = "<group>"; };
		6BFB79932054510A00AB84E8 /* Base */ = {isa = PBXFileReference; lastKnownFileType = file.storyboard; name = Base; path = Base.lproj/Main.storyboard; sourceTree = "<group>"; };
		6BFB79952054510A00AB84E8 /* Assets.xcassets */ = {isa = PBXFileReference; lastKnownFileType = folder.assetcatalog; path = Assets.xcassets; sourceTree = "<group>"; };
		6BFB79982054510A00AB84E8 /* Base */ = {isa = PBXFileReference; lastKnownFileType = file.storyboard; name = Base; path = Base.lproj/LaunchScreen.storyboard; sourceTree = "<group>"; };
		6BFB799A2054510A00AB84E8 /* Info.plist */ = {isa = PBXFileReference; lastKnownFileType = text.plist.xml; path = Info.plist; sourceTree = "<group>"; };
/* End PBXFileReference section */

/* Begin PBXFrameworksBuildPhase section */
		6BFB79842054510A00AB84E8 /* Frameworks */ = {
			isa = PBXFrameworksBuildPhase;
			buildActionMask = 2147483647;
			files = (
			);
			runOnlyForDeploymentPostprocessing = 0;
		};
/* End PBXFrameworksBuildPhase section */

/* Begin PBXGroup section */
		6B1B78E720AA629F00D370F6 /* Flower */ = {
			isa = PBXGroup;
			children = (
				6B1B78E820AA62AD00D370F6 /* Flower.jpg */,
				6B1B78E920AA62AD00D370F6 /* Flower.scn */,
				6B1B78EB20AA62AE00D370F6 /* leaf.jpg */,
				6B1B78ED20AA62AE00D370F6 /* wood.JPG */,
			);
			path = Flower;
			sourceTree = "<group>";
		};
		6B60EA8120AADE8900C17366 /* Models */ = {
			isa = PBXGroup;
			children = (
				6B60EA9920AB631C00C17366 /* Bella's barstool */,
				6B60EAD320AB646D00C17366 /* Cubes ottoman */,
				6B60EAB820AB63A500C17366 /* Dresser */,
				6B60EACA20AB642A00C17366 /* Flowchair */,
				6B1B78E720AA629F00D370F6 /* Flower */,
				6B60EA8C20AB628900C17366 /* Flower 2 */,
				6B60EA8D20AB62A000C17366 /* Leather chair */,
			);
			path = Models;
			sourceTree = "<group>";
		};
		6B60EA8C20AB628900C17366 /* Flower 2 */ = {
			isa = PBXGroup;
			children = (
				6B60EA8220AADEAA00C17366 /* leaf_refract.jpg */,
				6B60EA8520AADEAB00C17366 /* leaf.jpg */,
				6B60EA8A20AADEB700C17366 /* Flower2.scn */,
			);
			path = "Flower 2";
			sourceTree = "<group>";
		};
		6B60EA8D20AB62A000C17366 /* Leather chair */ = {
			isa = PBXGroup;
			children = (
				6B60EA9020AB62C900C17366 /* Leather_Chair_D.tga */,
				6B60EAF320AB6AEE00C17366 /* Leather chair.scn */,
			);
			path = "Leather chair";
			sourceTree = "<group>";
		};
		6B60EA9920AB631C00C17366 /* Bella's barstool */ = {
			isa = PBXGroup;
			children = (
				6B60EA9D20AB632D00C17366 /* Fabric_DIFF.jpg */,
				6B60EA9A20AB632D00C17366 /* Wood_DIFF.jpg */,
				6B60EAF120AB6A5200C17366 /* Bella's barstool.scn */,
			);
			path = "Bella's barstool";
			sourceTree = "<group>";
		};
		6B60EAB820AB63A500C17366 /* Dresser */ = {
			isa = PBXGroup;
			children = (
				6B60EABC20AB63BF00C17366 /* eb_dresser_01_c.tga */,
				6B60EAED20AB686D00C17366 /* Dresser.scn */,
			);
			path = Dresser;
			sourceTree = "<group>";
		};
		6B60EACA20AB642A00C17366 /* Flowchair */ = {
			isa = PBXGroup;
			children = (
				6B60EACE20AB643400C17366 /* Duck waterproof.jpg */,
				6B60EACC20AB643300C17366 /* narra.jpg */,
				6B60EAE920AB668000C17366 /* Flowchair.scn */,
			);
			path = Flowchair;
			sourceTree = "<group>";
		};
		6B60EAD320AB646D00C17366 /* Cubes ottoman */ = {
			isa = PBXGroup;
			children = (
				6B60EAD520AB647500C17366 /* _04_d.jpg */,
				6B60EAE720AB65A600C17366 /* dirt_gl_1.jpg */,
				6B60EAE420AB64A100C17366 /* Cubes ottoman.scn */,
			);
			path = "Cubes ottoman";
			sourceTree = "<group>";
		};
		6B905B60208BC9CE00F18F7B /* Catalogue */ = {
			isa = PBXGroup;
			children = (
				6B2C2F3D206FBF6D009BCBEA /* Catalogue.swift */,
				6B60EAF520AB747900C17366 /* CatalogueItemFactory.swift */,
				6B905B61208BC9DD00F18F7B /* CatalogueItem.swift */,
				6B905B63208BCA0000F18F7B /* ItemNode.swift */,
			);
			path = Catalogue;
			sourceTree = "<group>";
		};
		6B9371222062BBF100CDB829 /* MainScene */ = {
			isa = PBXGroup;
			children = (
				6B9371292062C22D00CDB829 /* Scene.swift */,
				6B9371252062BE6000CDB829 /* Scene.scn */,
				6B93712B2062C32900CDB829 /* SceneView.swift */,
			);
			path = MainScene;
			sourceTree = "<group>";
		};
		6BFB797E2054510A00AB84E8 = {
			isa = PBXGroup;
			children = (
				6BFB79892054510A00AB84E8 /* FinalYearProject */,
				6BFB79882054510A00AB84E8 /* Products */,
			);
			sourceTree = "<group>";
		};
		6BFB79882054510A00AB84E8 /* Products */ = {
			isa = PBXGroup;
			children = (
				6BFB79872054510A00AB84E8 /* FinalYearProject.app */,
			);
			name = Products;
			sourceTree = "<group>";
		};
		6BFB79892054510A00AB84E8 /* FinalYearProject */ = {
			isa = PBXGroup;
			children = (
				6BFB798A2054510A00AB84E8 /* AppDelegate.swift */,
				6BFB79902054510A00AB84E8 /* CameraViewController.swift */,
				6B3EE09420822F7700C54162 /* CatalogueViewController.swift */,
				6BCFE0B1208262CE00AB6267 /* ItemDetailsViewController.swift */,
				6B905B5E208B81CB00F18F7B /* ContactUsViewController.swift */,
				6B905B792095F14F00F18F7B /* Utils.swift */,
				6B905B60208BC9CE00F18F7B /* Catalogue */,
				6B9371222062BBF100CDB829 /* MainScene */,
				6B60EA8120AADE8900C17366 /* Models */,
				6BFB79922054510A00AB84E8 /* Main.storyboard */,
				6BFB79952054510A00AB84E8 /* Assets.xcassets */,
				6BFB79972054510A00AB84E8 /* LaunchScreen.storyboard */,
				6BFB799A2054510A00AB84E8 /* Info.plist */,
			);
			path = FinalYearProject;
			sourceTree = "<group>";
		};
/* End PBXGroup section */

/* Begin PBXNativeTarget section */
		6BFB79862054510A00AB84E8 /* FinalYearProject */ = {
			isa = PBXNativeTarget;
			buildConfigurationList = 6BFB799D2054510A00AB84E8 /* Build configuration list for PBXNativeTarget "FinalYearProject" */;
			buildPhases = (
				6BFB79832054510A00AB84E8 /* Sources */,
				6BFB79842054510A00AB84E8 /* Frameworks */,
				6BFB79852054510A00AB84E8 /* Resources */,
				6B905B76208BCACD00F18F7B /* Embed Frameworks */,
			);
			buildRules = (
			);
			dependencies = (
			);
			name = FinalYearProject;
			productName = FinalYearProject;
			productReference = 6BFB79872054510A00AB84E8 /* FinalYearProject.app */;
			productType = "com.apple.product-type.application";
		};
/* End PBXNativeTarget section */

/* Begin PBXProject section */
		6BFB797F2054510A00AB84E8 /* Project object */ = {
			isa = PBXProject;
			attributes = {
				LastSwiftUpdateCheck = 0920;
				LastUpgradeCheck = 0930;
				ORGANIZATIONNAME = "Cristina ";
				TargetAttributes = {
					6BFB79862054510A00AB84E8 = {
						CreatedOnToolsVersion = 9.2;
						ProvisioningStyle = Automatic;
					};
				};
			};
			buildConfigurationList = 6BFB79822054510A00AB84E8 /* Build configuration list for PBXProject "FinalYearProject" */;
			compatibilityVersion = "Xcode 8.0";
			developmentRegion = en;
			hasScannedForEncodings = 0;
			knownRegions = (
				en,
				Base,
			);
			mainGroup = 6BFB797E2054510A00AB84E8;
			productRefGroup = 6BFB79882054510A00AB84E8 /* Products */;
			projectDirPath = "";
			projectRoot = "";
			targets = (
				6BFB79862054510A00AB84E8 /* FinalYearProject */,
			);
		};
/* End PBXProject section */

/* Begin PBXResourcesBuildPhase section */
		6BFB79852054510A00AB84E8 /* Resources */ = {
			isa = PBXResourcesBuildPhase;
			buildActionMask = 2147483647;
			files = (
				6B60EAE820AB65A600C17366 /* dirt_gl_1.jpg in Resources */,
				6B1B78F320AA62AE00D370F6 /* wood.JPG in Resources */,
				6B1B78F120AA62AE00D370F6 /* leaf.jpg in Resources */,
				6B1B78EF20AA62AE00D370F6 /* Flower.scn in Resources */,
				6B60EAEA20AB668000C17366 /* Flowchair.scn in Resources */,
				6BFB79992054510A00AB84E8 /* LaunchScreen.storyboard in Resources */,
				6B60EADD20AB647700C17366 /* _04_d.jpg in Resources */,
				6B60EAEE20AB686D00C17366 /* Dresser.scn in Resources */,
				6B60EAD220AB643400C17366 /* Duck waterproof.jpg in Resources */,
				6B60EAE520AB64A100C17366 /* Cubes ottoman.scn in Resources */,
				6B60EAD020AB643400C17366 /* narra.jpg in Resources */,
				6B60EAA120AB632D00C17366 /* Wood_DIFF.jpg in Resources */,
				6B60EAC220AB63BF00C17366 /* eb_dresser_01_c.tga in Resources */,
				6B60EA8620AADEAB00C17366 /* leaf_refract.jpg in Resources */,
				6B60EAF420AB6AEE00C17366 /* Leather chair.scn in Resources */,
				6B60EAF220AB6A5200C17366 /* Bella's barstool.scn in Resources */,
				6B1B78EE20AA62AE00D370F6 /* Flower.jpg in Resources */,
				6B9371262062BE6000CDB829 /* Scene.scn in Resources */,
				6B60EAA420AB632D00C17366 /* Fabric_DIFF.jpg in Resources */,
				6B60EA9520AB62C900C17366 /* Leather_Chair_D.tga in Resources */,
				6B60EA8B20AADEB700C17366 /* Flower2.scn in Resources */,
				6BFB79962054510A00AB84E8 /* Assets.xcassets in Resources */,
				6B60EA8920AADEAB00C17366 /* leaf.jpg in Resources */,
				6BFB79942054510A00AB84E8 /* Main.storyboard in Resources */,
			);
			runOnlyForDeploymentPostprocessing = 0;
		};
/* End PBXResourcesBuildPhase section */

/* Begin PBXSourcesBuildPhase section */
		6BFB79832054510A00AB84E8 /* Sources */ = {
			isa = PBXSourcesBuildPhase;
			buildActionMask = 2147483647;
			files = (
				6B3EE09520822F7700C54162 /* CatalogueViewController.swift in Sources */,
				6B93712A2062C22D00CDB829 /* Scene.swift in Sources */,
				6B60EAF620AB747900C17366 /* CatalogueItemFactory.swift in Sources */,
				6B93712C2062C32900CDB829 /* SceneView.swift in Sources */,
				6B905B62208BC9DD00F18F7B /* CatalogueItem.swift in Sources */,
				6B905B5F208B81CB00F18F7B /* ContactUsViewController.swift in Sources */,
				6BFB79912054510A00AB84E8 /* CameraViewController.swift in Sources */,
				6B905B78208BCAF200F18F7B /* ItemNode.swift in Sources */,
				6B905B7A2095F14F00F18F7B /* Utils.swift in Sources */,
				6BFB798B2054510A00AB84E8 /* AppDelegate.swift in Sources */,
				6BCFE0B2208262CE00AB6267 /* ItemDetailsViewController.swift in Sources */,
				6B2C2F3E206FBF6D009BCBEA /* Catalogue.swift in Sources */,
			);
			runOnlyForDeploymentPostprocessing = 0;
		};
/* End PBXSourcesBuildPhase section */

/* Begin PBXVariantGroup section */
		6BFB79922054510A00AB84E8 /* Main.storyboard */ = {
			isa = PBXVariantGroup;
			children = (
				6BFB79932054510A00AB84E8 /* Base */,
			);
			name = Main.storyboard;
			sourceTree = "<group>";
		};
		6BFB79972054510A00AB84E8 /* LaunchScreen.storyboard */ = {
			isa = PBXVariantGroup;
			children = (
				6BFB79982054510A00AB84E8 /* Base */,
			);
			name = LaunchScreen.storyboard;
			sourceTree = "<group>";
		};
/* End PBXVariantGroup section */

/* Begin XCBuildConfiguration section */
		6BFB799B2054510A00AB84E8 /* Debug */ = {
			isa = XCBuildConfiguration;
			buildSettings = {
				ALWAYS_SEARCH_USER_PATHS = NO;
				CLANG_ANALYZER_NONNULL = YES;
				CLANG_ANALYZER_NUMBER_OBJECT_CONVERSION = YES_AGGRESSIVE;
				CLANG_CXX_LANGUAGE_STANDARD = "gnu++14";
				CLANG_CXX_LIBRARY = "libc++";
				CLANG_ENABLE_MODULES = YES;
				CLANG_ENABLE_OBJC_ARC = YES;
				CLANG_WARN_BLOCK_CAPTURE_AUTORELEASING = YES;
				CLANG_WARN_BOOL_CONVERSION = YES;
				CLANG_WARN_COMMA = YES;
				CLANG_WARN_CONSTANT_CONVERSION = YES;
				CLANG_WARN_DEPRECATED_OBJC_IMPLEMENTATIONS = YES;
				CLANG_WARN_DIRECT_OBJC_ISA_USAGE = YES_ERROR;
				CLANG_WARN_DOCUMENTATION_COMMENTS = YES;
				CLANG_WARN_EMPTY_BODY = YES;
				CLANG_WARN_ENUM_CONVERSION = YES;
				CLANG_WARN_INFINITE_RECURSION = YES;
				CLANG_WARN_INT_CONVERSION = YES;
				CLANG_WARN_NON_LITERAL_NULL_CONVERSION = YES;
				CLANG_WARN_OBJC_IMPLICIT_RETAIN_SELF = YES;
				CLANG_WARN_OBJC_LITERAL_CONVERSION = YES;
				CLANG_WARN_OBJC_ROOT_CLASS = YES_ERROR;
				CLANG_WARN_RANGE_LOOP_ANALYSIS = YES;
				CLANG_WARN_STRICT_PROTOTYPES = YES;
				CLANG_WARN_SUSPICIOUS_MOVE = YES;
				CLANG_WARN_UNGUARDED_AVAILABILITY = YES_AGGRESSIVE;
				CLANG_WARN_UNREACHABLE_CODE = YES;
				CLANG_WARN__DUPLICATE_METHOD_MATCH = YES;
				CODE_SIGN_IDENTITY = "iPhone Developer";
				COPY_PHASE_STRIP = NO;
				DEBUG_INFORMATION_FORMAT = dwarf;
				ENABLE_STRICT_OBJC_MSGSEND = YES;
				ENABLE_TESTABILITY = YES;
				GCC_C_LANGUAGE_STANDARD = gnu11;
				GCC_DYNAMIC_NO_PIC = NO;
				GCC_NO_COMMON_BLOCKS = YES;
				GCC_OPTIMIZATION_LEVEL = 0;
				GCC_PREPROCESSOR_DEFINITIONS = (
					"DEBUG=1",
					"$(inherited)",
				);
				GCC_WARN_64_TO_32_BIT_CONVERSION = YES;
				GCC_WARN_ABOUT_RETURN_TYPE = YES_ERROR;
				GCC_WARN_UNDECLARED_SELECTOR = YES;
				GCC_WARN_UNINITIALIZED_AUTOS = YES_AGGRESSIVE;
				GCC_WARN_UNUSED_FUNCTION = YES;
				GCC_WARN_UNUSED_VARIABLE = YES;
				IPHONEOS_DEPLOYMENT_TARGET = 11.3;
				MTL_ENABLE_DEBUG_INFO = YES;
				ONLY_ACTIVE_ARCH = YES;
				SDKROOT = iphoneos;
				SWIFT_ACTIVE_COMPILATION_CONDITIONS = DEBUG;
				SWIFT_OPTIMIZATION_LEVEL = "-Onone";
			};
			name = Debug;
		};
		6BFB799C2054510A00AB84E8 /* Release */ = {
			isa = XCBuildConfiguration;
			buildSettings = {
				ALWAYS_SEARCH_USER_PATHS = NO;
				CLANG_ANALYZER_NONNULL = YES;
				CLANG_ANALYZER_NUMBER_OBJECT_CONVERSION = YES_AGGRESSIVE;
				CLANG_CXX_LANGUAGE_STANDARD = "gnu++14";
				CLANG_CXX_LIBRARY = "libc++";
				CLANG_ENABLE_MODULES = YES;
				CLANG_ENABLE_OBJC_ARC = YES;
				CLANG_WARN_BLOCK_CAPTURE_AUTORELEASING = YES;
				CLANG_WARN_BOOL_CONVERSION = YES;
				CLANG_WARN_COMMA = YES;
				CLANG_WARN_CONSTANT_CONVERSION = YES;
				CLANG_WARN_DEPRECATED_OBJC_IMPLEMENTATIONS = YES;
				CLANG_WARN_DIRECT_OBJC_ISA_USAGE = YES_ERROR;
				CLANG_WARN_DOCUMENTATION_COMMENTS = YES;
				CLANG_WARN_EMPTY_BODY = YES;
				CLANG_WARN_ENUM_CONVERSION = YES;
				CLANG_WARN_INFINITE_RECURSION = YES;
				CLANG_WARN_INT_CONVERSION = YES;
				CLANG_WARN_NON_LITERAL_NULL_CONVERSION = YES;
				CLANG_WARN_OBJC_IMPLICIT_RETAIN_SELF = YES;
				CLANG_WARN_OBJC_LITERAL_CONVERSION = YES;
				CLANG_WARN_OBJC_ROOT_CLASS = YES_ERROR;
				CLANG_WARN_RANGE_LOOP_ANALYSIS = YES;
				CLANG_WARN_STRICT_PROTOTYPES = YES;
				CLANG_WARN_SUSPICIOUS_MOVE = YES;
				CLANG_WARN_UNGUARDED_AVAILABILITY = YES_AGGRESSIVE;
				CLANG_WARN_UNREACHABLE_CODE = YES;
				CLANG_WARN__DUPLICATE_METHOD_MATCH = YES;
				CODE_SIGN_IDENTITY = "iPhone Developer";
				COPY_PHASE_STRIP = NO;
				DEBUG_INFORMATION_FORMAT = "dwarf-with-dsym";
				ENABLE_NS_ASSERTIONS = NO;
				ENABLE_STRICT_OBJC_MSGSEND = YES;
				GCC_C_LANGUAGE_STANDARD = gnu11;
				GCC_NO_COMMON_BLOCKS = YES;
				GCC_WARN_64_TO_32_BIT_CONVERSION = YES;
				GCC_WARN_ABOUT_RETURN_TYPE = YES_ERROR;
				GCC_WARN_UNDECLARED_SELECTOR = YES;
				GCC_WARN_UNINITIALIZED_AUTOS = YES_AGGRESSIVE;
				GCC_WARN_UNUSED_FUNCTION = YES;
				GCC_WARN_UNUSED_VARIABLE = YES;
				IPHONEOS_DEPLOYMENT_TARGET = 11.3;
				MTL_ENABLE_DEBUG_INFO = NO;
				SDKROOT = iphoneos;
				SWIFT_OPTIMIZATION_LEVEL = "-Owholemodule";
				VALIDATE_PRODUCT = YES;
			};
			name = Release;
		};
		6BFB799E2054510A00AB84E8 /* Debug */ = {
			isa = XCBuildConfiguration;
			buildSettings = {
				ASSETCATALOG_COMPILER_APPICON_NAME = AppIcon;
				CODE_SIGN_STYLE = Automatic;
				DEVELOPMENT_TEAM = 5HM9SE2PPY;
				INFOPLIST_FILE = FinalYearProject/Info.plist;
				LD_RUNPATH_SEARCH_PATHS = "$(inherited) @executable_path/Frameworks";
				PRODUCT_BUNDLE_IDENTIFIER = training.FinalYearProject;
				PRODUCT_NAME = "$(TARGET_NAME)";
				SWIFT_VERSION = 4.0;
				TARGETED_DEVICE_FAMILY = "1,2";
			};
			name = Debug;
		};
		6BFB799F2054510A00AB84E8 /* Release */ = {
			isa = XCBuildConfiguration;
			buildSettings = {
				ASSETCATALOG_COMPILER_APPICON_NAME = AppIcon;
				CODE_SIGN_STYLE = Automatic;
				DEVELOPMENT_TEAM = 5HM9SE2PPY;
				INFOPLIST_FILE = FinalYearProject/Info.plist;
				LD_RUNPATH_SEARCH_PATHS = "$(inherited) @executable_path/Frameworks";
				PRODUCT_BUNDLE_IDENTIFIER = training.FinalYearProject;
				PRODUCT_NAME = "$(TARGET_NAME)";
				SWIFT_VERSION = 4.0;
				TARGETED_DEVICE_FAMILY = "1,2";
			};
			name = Release;
		};
/* End XCBuildConfiguration section */

/* Begin XCConfigurationList section */
		6BFB79822054510A00AB84E8 /* Build configuration list for PBXProject "FinalYearProject" */ = {
			isa = XCConfigurationList;
			buildConfigurations = (
				6BFB799B2054510A00AB84E8 /* Debug */,
				6BFB799C2054510A00AB84E8 /* Release */,
			);
			defaultConfigurationIsVisible = 0;
			defaultConfigurationName = Release;
		};
		6BFB799D2054510A00AB84E8 /* Build configuration list for PBXNativeTarget "FinalYearProject" */ = {
			isa = XCConfigurationList;
			buildConfigurations = (
				6BFB799E2054510A00AB84E8 /* Debug */,
				6BFB799F2054510A00AB84E8 /* Release */,
			);
			defaultConfigurationIsVisible = 0;
			defaultConfigurationName = Release;
		};
/* End XCConfigurationList section */
	};
	rootObject = 6BFB797F2054510A00AB84E8 /* Project object */;
}
